{
  "name": "stream-big-json",
  "version": "1.0.0",
  "lockfileVersion": 3,
  "requires": true,
  "packages": {
    "": {
      "name": "stream-big-json",
      "version": "1.0.0",
      "license": "ISC",
      "dependencies": {
        "stream-chain": "^3.3.2",
        "stream-json": "^1.9.1"
      },
      "devDependencies": {
        "@faker-js/faker": "^9.3.0"
      }
    },
    "node_modules/@faker-js/faker": {
      "version": "9.3.0",
      "resolved": "https://registry.npmjs.org/@faker-js/faker/-/faker-9.3.0.tgz",
      "integrity": "sha512-r0tJ3ZOkMd9xsu3VRfqlFR6cz0V/jFYRswAIpC+m/DIfAUXq7g8N7wTAlhSANySXYGKzGryfDXwtwsY8TxEIDw==",
      "dev": true,
      "funding": [
        {
          "type": "opencollective",
          "url": "https://opencollective.com/fakerjs"
        }
      ],
      "license": "MIT",
      "engines": {
        "node": ">=18.0.0",
        "npm": ">=9.0.0"
      }
    },
    "node_modules/stream-chain": {
      "version": "3.3.2",
      "resolved": "https://registry.npmjs.org/stream-chain/-/stream-chain-3.3.2.tgz",
      "integrity": "sha512-YvRznt2X9tLSQlQXkYxp9FGcp6uUwBG9VAyjgo53Ov+Ctk36R49xB6NUia37T7owHyi3UtvI6achAj4ufBSaNg==",
      "license": "BSD-3-Clause",
      "funding": {
        "url": "https://github.com/sponsors/uhop"
      }
    },
    "node_modules/stream-json": {
      "version": "1.9.1",
      "resolved": "https://registry.npmjs.org/stream-json/-/stream-json-1.9.1.tgz",
      "integrity": "sha512-uWkjJ+2Nt/LO9Z/JyKZbMusL8Dkh97uUBTv3AJQ74y07lVahLY4eEFsPsE97pxYBwr8nnjMAIch5eqI0gPShyw==",
      "license": "BSD-3-Clause",
      "dependencies": {
        "stream-chain": "^2.2.5"
      }
    },
    "node_modules/stream-json/node_modules/stream-chain": {
      "version": "2.2.5",
      "resolved": "https://registry.npmjs.org/stream-chain/-/stream-chain-2.2.5.tgz",
      "integrity": "sha512-1TJmBx6aSWqZ4tx7aTpBDXK0/e2hhcNSTV8+CbFJtDjbb+I1mZ8lHit0Grw9GRT+6JbIrrDd8esncgBi8aBXGA==",
      "license": "BSD-3-Clause"
    }
  }
}
